
Microsoft Visual Studio Solution File, Format Version 12.00
# Visual Studio 2013
VisualStudioVersion = 12.0.21005.1
MinimumVisualStudioVersion = 10.0.40219.1
Project("{FAE04EC0-301F-11D3-BF4B-00C04F79EFBC}") = "Project.Web", "Project.Web\Project.Web.csproj", "{BBC19617-B0B7-4E56-A30A-C9842CBF9AFD}"
EndProject
Project("{FAE04EC0-301F-11D3-BF4B-00C04F79EFBC}") = "BAL", "BAL\BAL.csproj", "{C9CC4AB5-CD82-44C8-841A-42695A9B2BDB}"
EndProject
Project("{FAE04EC0-301F-11D3-BF4B-00C04F79EFBC}") = "DAL", "DAL\DAL.csproj", "{95D22ADA-95A0-4137-AC95-86EC63985FB1}"
EndProject
Project("{FAE04EC0-301F-11D3-BF4B-00C04F79EFBC}") = "Project.Entity", "Project.Entity\Project.Entity.csproj", "{101360F8-0375-4517-AD1B-48569090EBCD}"
EndProject
Project("{FAE04EC0-301F-11D3-BF4B-00C04F79EFBC}") = "Project.ViewModel", "Project.ViewModel\Project.ViewModel.csproj", "{EFC511D2-7721-4FDF-B31B-3486EF77B67B}"
EndProject
Global
	GlobalSection(SolutionConfigurationPlatforms) = preSolution
		Debug|Any CPU = Debug|Any CPU
		Release|Any CPU = Release|Any CPU
	EndGlobalSection
	GlobalSection(ProjectConfigurationPlatforms) = postSolution
		{BBC19617-B0B7-4E56-A30A-C9842CBF9AFD}.Debug|Any CPU.ActiveCfg = Debug|Any CPU
		{BBC19617-B0B7-4E56-A30A-C9842CBF9AFD}.Debug|Any CPU.Build.0 = Debug|Any CPU
		{BBC19617-B0B7-4E56-A30A-C9842CBF9AFD}.Release|Any CPU.ActiveCfg = Release|Any CPU
		{BBC19617-B0B7-4E56-A30A-C9842CBF9AFD}.Release|Any CPU.Build.0 = Release|Any CPU
		{C9CC4AB5-CD82-44C8-841A-42695A9B2BDB}.Debug|Any CPU.ActiveCfg = Debug|Any CPU
		{C9CC4AB5-CD82-44C8-841A-42695A9B2BDB}.Debug|Any CPU.Build.0 = Debug|Any CPU
		{C9CC4AB5-CD82-44C8-841A-42695A9B2BDB}.Release|Any CPU.ActiveCfg = Release|Any CPU
		{C9CC4AB5-CD82-44C8-841A-42695A9B2BDB}.Release|Any CPU.Build.0 = Release|Any CPU
		{95D22ADA-95A0-4137-AC95-86EC63985FB1}.Debug|Any CPU.ActiveCfg = Debug|Any CPU
		{95D22ADA-95A0-4137-AC95-86EC63985FB1}.Debug|Any CPU.Build.0 = Debug|Any CPU
		{95D22ADA-95A0-4137-AC95-86EC63985FB1}.Release|Any CPU.ActiveCfg = Release|Any CPU
		{95D22ADA-95A0-4137-AC95-86EC63985FB1}.Release|Any CPU.Build.0 = Release|Any CPU
		{101360F8-0375-4517-AD1B-48569090EBCD}.Debug|Any CPU.ActiveCfg = Debug|Any CPU
		{101360F8-0375-4517-AD1B-48569090EBCD}.Debug|Any CPU.Build.0 = Debug|Any CPU
		{101360F8-0375-4517-AD1B-48569090EBCD}.Release|Any CPU.ActiveCfg = Release|Any CPU
		{101360F8-0375-4517-AD1B-48569090EBCD}.Release|Any CPU.Build.0 = Release|Any CPU
		{EFC511D2-7721-4FDF-B31B-3486EF77B67B}.Debug|Any CPU.ActiveCfg = Debug|Any CPU
		{EFC511D2-7721-4FDF-B31B-3486EF77B67B}.Debug|Any CPU.Build.0 = Debug|Any CPU
		{EFC511D2-7721-4FDF-B31B-3486EF77B67B}.Release|Any CPU.ActiveCfg = Release|Any CPU
		{EFC511D2-7721-4FDF-B31B-3486EF77B67B}.Release|Any CPU.Build.0 = Release|Any CPU
	EndGlobalSection
	GlobalSection(SolutionProperties) = preSolution
		HideSolutionNode = FALSE
	EndGlobalSection
EndGlobal
